github.com/Kirill-Znamenskiy/kzerror v0.0.1 h1:QDA0bvBQUUjq0BCvF4Z1av/WQRXK8TXNXe3hJNKV1/E=
github.com/Kirill-Znamenskiy/kzerror v0.0.1/go.mod h1:ntcGkNuqaTp1Tm69by0PLKI1sJjCKSTrT1G1N+iI92Y=
github.com/Kirill-Znamenskiy/kzlogger v0.0.3 h1:RSE+VB5KWRaWNBc8EiyRkAqTp+mAso24EHIAmz3I1co=
github.com/Kirill-Znamenskiy/kzlogger v0.0.3/go.mod h1:+TXl4Nz+/GEou/TSSWwuZIf2qdK9Zg+sQJIlJLO9Hl8=
github.com/Kirill-Znamenskiy/kzlogger v0.0.4 h1:D2FTPLeloKb0q0tcSsdbrLKjQJh4ZqByyh1bc/7CLhc=
github.com/Kirill-Znamenskiy/kzlogger v0.0.4/go.mod h1:+TXl4Nz+/GEou/TSSWwuZIf2qdK9Zg+sQJIlJLO9Hl8=
github.com/Kirill-Znamenskiy/kzutils v0.0.1 h1:r06204CUfH7XSXhZym0CS7/DAGEgCusXNZVnnLEHRYk=
github.com/Kirill-Znamenskiy/kzutils v0.0.1/go.mod h1:7TWzow1xcQUpCyUeVmxVdhislakRV4qlvotDsUeqgQc=
github.com/davecgh/go-spew v1.1.1 h1:vj9j/u1bqnvCEfJOwUhtlOARqs3+rkHYY13jYWTU97c=
github.com/davecgh/go-spew v1.1.1/go.mod h1:J7Y8YcW2NihsgmVo/mv3lAwl/skON4iLHjSsI+c5H38=
github.com/pmezard/go-difflib v1.0.0 h1:4DBwDE0NGyQoBHbLQYPwSUPoCMWR5BEzIk/f1lZbAQM=
github.com/pmezard/go-difflib v1.0.0/go.mod h1:iKH77koFhYxTK1pcRnkKkqfTogsbg7gZNVY4sRDYZ/4=
github.com/sourcegraph/conc v0.3.0 h1:OQTbbt6P72L20UqAkXXuLOj79LfEanQ+YQFNpLA9ySo=
github.com/sourcegraph/conc v0.3.0/go.mod h1:Sdozi7LEKbFPqYX2/J+iBAM6HpqSLTASQIKqDmF7Mt0=
github.com/stretchr/testify v1.8.1 h1:w7B6lhMri9wdJUVmEZPGGhZzrYTPvgJArz7wNPgYKsk=
github.com/stretchr/testify v1.8.1/go.mod h1:w2LPCIKwWwSfY2zedu0+kehJoqGctiVI29o6fzry7u4=
golang.org/x/exp v0.0.0-20241204233417-43b7b7cde48d h1:0olWaB5pg3+oychR51GUVCEsGkeCU/2JxjBgIo4f3M0=
golang.org/x/exp v0.0.0-20241204233417-43b7b7cde48d/go.mod h1:qj5a5QZpwLU2NLQudwIN5koi3beDhSAlJwa67PuM98c=
gopkg.in/yaml.v3 v3.0.1 h1:fxVm/GzAzEWqLHuvctI91KS9hhNmmWOoWu0XTYJS7CA=
gopkg.in/yaml.v3 v3.0.1/go.mod h1:K4uyk7z7BCEPqu6E+C64Yfv1cQ7kz7rIZviUmN+EgEM=
